
Microsoft Visual Studio Solution File, Format Version 12.00
# Visual Studio 14
VisualStudioVersion = 14.0.25420.1
MinimumVisualStudioVersion = 10.0.40219.1
Project("{FAE04EC0-301F-11D3-BF4B-00C04F79EFBC}") = "Hello.Droid", "Hello\Hello.Droid\Hello.Droid.csproj", "{DB2CB4B0-4B7F-4516-8BE1-7A2835571DA4}"
EndProject
Project("{FAE04EC0-301F-11D3-BF4B-00C04F79EFBC}") = "Hello.iOS", "Hello\Hello.iOS\Hello.iOS.csproj", "{C698FD99-0979-49CC-9451-0973EC8A7E7D}"
EndProject
Project("{FAE04EC0-301F-11D3-BF4B-00C04F79EFBC}") = "Hello.WinPhone", "Hello\Hello.WinPhone\Hello.WinPhone.csproj", "{878CB016-50B5-49F5-A4B0-B3947DFA5F75}"
EndProject
Project("{FAE04EC0-301F-11D3-BF4B-00C04F79EFBC}") = "Hello.UWP", "Hello\Hello.UWP\Hello.UWP.csproj", "{D8AEB066-810F-4B60-987A-B1595E84CC98}"
EndProject
Project("{FAE04EC0-301F-11D3-BF4B-00C04F79EFBC}") = "Hello.Windows", "Hello\Hello.Windows\Hello.Windows.csproj", "{C180B97E-9F26-407B-970F-D2EFB8CE0DBF}"
EndProject
Project("{FAE04EC0-301F-11D3-BF4B-00C04F79EFBC}") = "Hello", "Hello\Hello\Hello.csproj", "{3E71E9E7-A9A2-40B7-AB6D-9426844B7AC5}"
EndProject
Global
	GlobalSection(SolutionConfigurationPlatforms) = preSolution
		Ad-Hoc|Any CPU = Ad-Hoc|Any CPU
		Ad-Hoc|ARM = Ad-Hoc|ARM
		Ad-Hoc|iPhone = Ad-Hoc|iPhone
		Ad-Hoc|iPhoneSimulator = Ad-Hoc|iPhoneSimulator
		Ad-Hoc|x64 = Ad-Hoc|x64
		Ad-Hoc|x86 = Ad-Hoc|x86
		AppStore|Any CPU = AppStore|Any CPU
		AppStore|ARM = AppStore|ARM
		AppStore|iPhone = AppStore|iPhone
		AppStore|iPhoneSimulator = AppStore|iPhoneSimulator
		AppStore|x64 = AppStore|x64
		AppStore|x86 = AppStore|x86
		Debug|Any CPU = Debug|Any CPU
		Debug|ARM = Debug|ARM
		Debug|iPhone = Debug|iPhone
		Debug|iPhoneSimulator = Debug|iPhoneSimulator
		Debug|x64 = Debug|x64
		Debug|x86 = Debug|x86
		Release|Any CPU = Release|Any CPU
		Release|ARM = Release|ARM
		Release|iPhone = Release|iPhone
		Release|iPhoneSimulator = Release|iPhoneSimulator
		Release|x64 = Release|x64
		Release|x86 = Release|x86
	EndGlobalSection
	GlobalSection(ProjectConfigurationPlatforms) = postSolution
		{DB2CB4B0-4B7F-4516-8BE1-7A2835571DA4}.Ad-Hoc|Any CPU.ActiveCfg = Release|Any CPU
		{DB2CB4B0-4B7F-4516-8BE1-7A2835571DA4}.Ad-Hoc|Any CPU.Build.0 = Release|Any CPU
		{DB2CB4B0-4B7F-4516-8BE1-7A2835571DA4}.Ad-Hoc|Any CPU.Deploy.0 = Release|Any CPU
		{DB2CB4B0-4B7F-4516-8BE1-7A2835571DA4}.Ad-Hoc|ARM.ActiveCfg = Release|Any CPU
		{DB2CB4B0-4B7F-4516-8BE1-7A2835571DA4}.Ad-Hoc|ARM.Build.0 = Release|Any CPU
		{DB2CB4B0-4B7F-4516-8BE1-7A2835571DA4}.Ad-Hoc|ARM.Deploy.0 = Release|Any CPU
		{DB2CB4B0-4B7F-4516-8BE1-7A2835571DA4}.Ad-Hoc|iPhone.ActiveCfg = Release|Any CPU
		{DB2CB4B0-4B7F-4516-8BE1-7A2835571DA4}.Ad-Hoc|iPhone.Build.0 = Release|Any CPU
		{DB2CB4B0-4B7F-4516-8BE1-7A2835571DA4}.Ad-Hoc|iPhone.Deploy.0 = Release|Any CPU
		{DB2CB4B0-4B7F-4516-8BE1-7A2835571DA4}.Ad-Hoc|iPhoneSimulator.ActiveCfg = Release|Any CPU
		{DB2CB4B0-4B7F-4516-8BE1-7A2835571DA4}.Ad-Hoc|iPhoneSimulator.Build.0 = Release|Any CPU
		{DB2CB4B0-4B7F-4516-8BE1-7A2835571DA4}.Ad-Hoc|iPhoneSimulator.Deploy.0 = Release|Any CPU
		{DB2CB4B0-4B7F-4516-8BE1-7A2835571DA4}.Ad-Hoc|x64.ActiveCfg = Release|Any CPU
		{DB2CB4B0-4B7F-4516-8BE1-7A2835571DA4}.Ad-Hoc|x64.Build.0 = Release|Any CPU
		{DB2CB4B0-4B7F-4516-8BE1-7A2835571DA4}.Ad-Hoc|x64.Deploy.0 = Release|Any CPU
		{DB2CB4B0-4B7F-4516-8BE1-7A2835571DA4}.Ad-Hoc|x86.ActiveCfg = Release|Any CPU
		{DB2CB4B0-4B7F-4516-8BE1-7A2835571DA4}.Ad-Hoc|x86.Build.0 = Release|Any CPU
		{DB2CB4B0-4B7F-4516-8BE1-7A2835571DA4}.Ad-Hoc|x86.Deploy.0 = Release|Any CPU
		{DB2CB4B0-4B7F-4516-8BE1-7A2835571DA4}.AppStore|Any CPU.ActiveCfg = Release|Any CPU
		{DB2CB4B0-4B7F-4516-8BE1-7A2835571DA4}.AppStore|Any CPU.Build.0 = Release|Any CPU
		{DB2CB4B0-4B7F-4516-8BE1-7A2835571DA4}.AppStore|Any CPU.Deploy.0 = Release|Any CPU
		{DB2CB4B0-4B7F-4516-8BE1-7A2835571DA4}.AppStore|ARM.ActiveCfg = Release|Any CPU
		{DB2CB4B0-4B7F-4516-8BE1-7A2835571DA4}.AppStore|ARM.Build.0 = Release|Any CPU
		{DB2CB4B0-4B7F-4516-8BE1-7A2835571DA4}.AppStore|ARM.Deploy.0 = Release|Any CPU
		{DB2CB4B0-4B7F-4516-8BE1-7A2835571DA4}.AppStore|iPhone.ActiveCfg = Release|Any CPU
		{DB2CB4B0-4B7F-4516-8BE1-7A2835571DA4}.AppStore|iPhone.Build.0 = Release|Any CPU
		{DB2CB4B0-4B7F-4516-8BE1-7A2835571DA4}.AppStore|iPhone.Deploy.0 = Release|Any CPU
		{DB2CB4B0-4B7F-4516-8BE1-7A2835571DA4}.AppStore|iPhoneSimulator.ActiveCfg = Release|Any CPU
		{DB2CB4B0-4B7F-4516-8BE1-7A2835571DA4}.AppStore|iPhoneSimulator.Build.0 = Release|Any CPU
		{DB2CB4B0-4B7F-4516-8BE1-7A2835571DA4}.AppStore|iPhoneSimulator.Deploy.0 = Release|Any CPU
		{DB2CB4B0-4B7F-4516-8BE1-7A2835571DA4}.AppStore|x64.ActiveCfg = Release|Any CPU
		{DB2CB4B0-4B7F-4516-8BE1-7A2835571DA4}.AppStore|x64.Build.0 = Release|Any CPU
		{DB2CB4B0-4B7F-4516-8BE1-7A2835571DA4}.AppStore|x64.Deploy.0 = Release|Any CPU
		{DB2CB4B0-4B7F-4516-8BE1-7A2835571DA4}.AppStore|x86.ActiveCfg = Release|Any CPU
		{DB2CB4B0-4B7F-4516-8BE1-7A2835571DA4}.AppStore|x86.Build.0 = Release|Any CPU
		{DB2CB4B0-4B7F-4516-8BE1-7A2835571DA4}.AppStore|x86.Deploy.0 = Release|Any CPU
		{DB2CB4B0-4B7F-4516-8BE1-7A2835571DA4}.Debug|Any CPU.ActiveCfg = Debug|Any CPU
		{DB2CB4B0-4B7F-4516-8BE1-7A2835571DA4}.Debug|ARM.ActiveCfg = Debug|Any CPU
		{DB2CB4B0-4B7F-4516-8BE1-7A2835571DA4}.Debug|ARM.Build.0 = Debug|Any CPU
		{DB2CB4B0-4B7F-4516-8BE1-7A2835571DA4}.Debug|ARM.Deploy.0 = Debug|Any CPU
		{DB2CB4B0-4B7F-4516-8BE1-7A2835571DA4}.Debug|iPhone.ActiveCfg = Debug|Any CPU
		{DB2CB4B0-4B7F-4516-8BE1-7A2835571DA4}.Debug|iPhone.Build.0 = Debug|Any CPU
		{DB2CB4B0-4B7F-4516-8BE1-7A2835571DA4}.Debug|iPhone.Deploy.0 = Debug|Any CPU
		{DB2CB4B0-4B7F-4516-8BE1-7A2835571DA4}.Debug|iPhoneSimulator.ActiveCfg = Debug|Any CPU
		{DB2CB4B0-4B7F-4516-8BE1-7A2835571DA4}.Debug|iPhoneSimulator.Build.0 = Debug|Any CPU
		{DB2CB4B0-4B7F-4516-8BE1-7A2835571DA4}.Debug|iPhoneSimulator.Deploy.0 = Debug|Any CPU
		{DB2CB4B0-4B7F-4516-8BE1-7A2835571DA4}.Debug|x64.ActiveCfg = Debug|Any CPU
		{DB2CB4B0-4B7F-4516-8BE1-7A2835571DA4}.Debug|x64.Build.0 = Debug|Any CPU
		{DB2CB4B0-4B7F-4516-8BE1-7A2835571DA4}.Debug|x64.Deploy.0 = Debug|Any CPU
		{DB2CB4B0-4B7F-4516-8BE1-7A2835571DA4}.Debug|x86.ActiveCfg = Debug|Any CPU
		{DB2CB4B0-4B7F-4516-8BE1-7A2835571DA4}.Debug|x86.Build.0 = Debug|Any CPU
		{DB2CB4B0-4B7F-4516-8BE1-7A2835571DA4}.Debug|x86.Deploy.0 = Debug|Any CPU
		{DB2CB4B0-4B7F-4516-8BE1-7A2835571DA4}.Release|Any CPU.ActiveCfg = Release|Any CPU
		{DB2CB4B0-4B7F-4516-8BE1-7A2835571DA4}.Release|Any CPU.Build.0 = Release|Any CPU
		{DB2CB4B0-4B7F-4516-8BE1-7A2835571DA4}.Release|Any CPU.Deploy.0 = Release|Any CPU
		{DB2CB4B0-4B7F-4516-8BE1-7A2835571DA4}.Release|ARM.ActiveCfg = Release|Any CPU
		{DB2CB4B0-4B7F-4516-8BE1-7A2835571DA4}.Release|ARM.Build.0 = Release|Any CPU
		{DB2CB4B0-4B7F-4516-8BE1-7A2835571DA4}.Release|ARM.Deploy.0 = Release|Any CPU
		{DB2CB4B0-4B7F-4516-8BE1-7A2835571DA4}.Release|iPhone.ActiveCfg = Release|Any CPU
		{DB2CB4B0-4B7F-4516-8BE1-7A2835571DA4}.Release|iPhone.Build.0 = Release|Any CPU
		{DB2CB4B0-4B7F-4516-8BE1-7A2835571DA4}.Release|iPhone.Deploy.0 = Release|Any CPU
		{DB2CB4B0-4B7F-4516-8BE1-7A2835571DA4}.Release|iPhoneSimulator.ActiveCfg = Release|Any CPU
		{DB2CB4B0-4B7F-4516-8BE1-7A2835571DA4}.Release|iPhoneSimulator.Build.0 = Release|Any CPU
		{DB2CB4B0-4B7F-4516-8BE1-7A2835571DA4}.Release|iPhoneSimulator.Deploy.0 = Release|Any CPU
		{DB2CB4B0-4B7F-4516-8BE1-7A2835571DA4}.Release|x64.ActiveCfg = Release|Any CPU
		{DB2CB4B0-4B7F-4516-8BE1-7A2835571DA4}.Release|x64.Build.0 = Release|Any CPU
		{DB2CB4B0-4B7F-4516-8BE1-7A2835571DA4}.Release|x64.Deploy.0 = Release|Any CPU
		{DB2CB4B0-4B7F-4516-8BE1-7A2835571DA4}.Release|x86.ActiveCfg = Release|Any CPU
		{DB2CB4B0-4B7F-4516-8BE1-7A2835571DA4}.Release|x86.Build.0 = Release|Any CPU
		{DB2CB4B0-4B7F-4516-8BE1-7A2835571DA4}.Release|x86.Deploy.0 = Release|Any CPU
		{C698FD99-0979-49CC-9451-0973EC8A7E7D}.Ad-Hoc|Any CPU.ActiveCfg = Ad-Hoc|iPhone
		{C698FD99-0979-49CC-9451-0973EC8A7E7D}.Ad-Hoc|ARM.ActiveCfg = Ad-Hoc|iPhone
		{C698FD99-0979-49CC-9451-0973EC8A7E7D}.Ad-Hoc|iPhone.ActiveCfg = Ad-Hoc|iPhone
		{C698FD99-0979-49CC-9451-0973EC8A7E7D}.Ad-Hoc|iPhone.Build.0 = Ad-Hoc|iPhone
		{C698FD99-0979-49CC-9451-0973EC8A7E7D}.Ad-Hoc|iPhoneSimulator.ActiveCfg = Ad-Hoc|iPhoneSimulator
		{C698FD99-0979-49CC-9451-0973EC8A7E7D}.Ad-Hoc|iPhoneSimulator.Build.0 = Ad-Hoc|iPhoneSimulator
		{C698FD99-0979-49CC-9451-0973EC8A7E7D}.Ad-Hoc|x64.ActiveCfg = Ad-Hoc|iPhone
		{C698FD99-0979-49CC-9451-0973EC8A7E7D}.Ad-Hoc|x86.ActiveCfg = Ad-Hoc|iPhone
		{C698FD99-0979-49CC-9451-0973EC8A7E7D}.AppStore|Any CPU.ActiveCfg = AppStore|iPhone
		{C698FD99-0979-49CC-9451-0973EC8A7E7D}.AppStore|ARM.ActiveCfg = AppStore|iPhone
		{C698FD99-0979-49CC-9451-0973EC8A7E7D}.AppStore|iPhone.ActiveCfg = AppStore|iPhone
		{C698FD99-0979-49CC-9451-0973EC8A7E7D}.AppStore|iPhone.Build.0 = AppStore|iPhone
		{C698FD99-0979-49CC-9451-0973EC8A7E7D}.AppStore|iPhoneSimulator.ActiveCfg = AppStore|iPhoneSimulator
		{C698FD99-0979-49CC-9451-0973EC8A7E7D}.AppStore|iPhoneSimulator.Build.0 = AppStore|iPhoneSimulator
		{C698FD99-0979-49CC-9451-0973EC8A7E7D}.AppStore|x64.ActiveCfg = AppStore|iPhone
		{C698FD99-0979-49CC-9451-0973EC8A7E7D}.AppStore|x86.ActiveCfg = AppStore|iPhone
		{C698FD99-0979-49CC-9451-0973EC8A7E7D}.Debug|Any CPU.ActiveCfg = Debug|iPhone
		{C698FD99-0979-49CC-9451-0973EC8A7E7D}.Debug|ARM.ActiveCfg = Debug|iPhone
		{C698FD99-0979-49CC-9451-0973EC8A7E7D}.Debug|iPhone.ActiveCfg = Debug|iPhone
		{C698FD99-0979-49CC-9451-0973EC8A7E7D}.Debug|iPhone.Build.0 = Debug|iPhone
		{C698FD99-0979-49CC-9451-0973EC8A7E7D}.Debug|iPhoneSimulator.ActiveCfg = Debug|iPhoneSimulator
		{C698FD99-0979-49CC-9451-0973EC8A7E7D}.Debug|iPhoneSimulator.Build.0 = Debug|iPhoneSimulator
		{C698FD99-0979-49CC-9451-0973EC8A7E7D}.Debug|x64.ActiveCfg = Debug|iPhone
		{C698FD99-0979-49CC-9451-0973EC8A7E7D}.Debug|x86.ActiveCfg = Debug|iPhone
		{C698FD99-0979-49CC-9451-0973EC8A7E7D}.Release|Any CPU.ActiveCfg = Release|iPhone
		{C698FD99-0979-49CC-9451-0973EC8A7E7D}.Release|ARM.ActiveCfg = Release|iPhone
		{C698FD99-0979-49CC-9451-0973EC8A7E7D}.Release|iPhone.ActiveCfg = Release|iPhone
		{C698FD99-0979-49CC-9451-0973EC8A7E7D}.Release|iPhone.Build.0 = Release|iPhone
		{C698FD99-0979-49CC-9451-0973EC8A7E7D}.Release|iPhoneSimulator.ActiveCfg = Release|iPhoneSimulator
		{C698FD99-0979-49CC-9451-0973EC8A7E7D}.Release|iPhoneSimulator.Build.0 = Release|iPhoneSimulator
		{C698FD99-0979-49CC-9451-0973EC8A7E7D}.Release|x64.ActiveCfg = Release|iPhone
		{C698FD99-0979-49CC-9451-0973EC8A7E7D}.Release|x86.ActiveCfg = Release|iPhone
		{878CB016-50B5-49F5-A4B0-B3947DFA5F75}.Ad-Hoc|Any CPU.ActiveCfg = Release|Any CPU
		{878CB016-50B5-49F5-A4B0-B3947DFA5F75}.Ad-Hoc|Any CPU.Build.0 = Release|Any CPU
		{878CB016-50B5-49F5-A4B0-B3947DFA5F75}.Ad-Hoc|Any CPU.Deploy.0 = Release|Any CPU
		{878CB016-50B5-49F5-A4B0-B3947DFA5F75}.Ad-Hoc|ARM.ActiveCfg = Release|ARM
		{878CB016-50B5-49F5-A4B0-B3947DFA5F75}.Ad-Hoc|ARM.Build.0 = Release|ARM
		{878CB016-50B5-49F5-A4B0-B3947DFA5F75}.Ad-Hoc|ARM.Deploy.0 = Release|ARM
		{878CB016-50B5-49F5-A4B0-B3947DFA5F75}.Ad-Hoc|iPhone.ActiveCfg = Release|Any CPU
		{878CB016-50B5-49F5-A4B0-B3947DFA5F75}.Ad-Hoc|iPhone.Build.0 = Release|Any CPU
		{878CB016-50B5-49F5-A4B0-B3947DFA5F75}.Ad-Hoc|iPhone.Deploy.0 = Release|Any CPU
		{878CB016-50B5-49F5-A4B0-B3947DFA5F75}.Ad-Hoc|iPhoneSimulator.ActiveCfg = Release|Any CPU
		{878CB016-50B5-49F5-A4B0-B3947DFA5F75}.Ad-Hoc|iPhoneSimulator.Build.0 = Release|Any CPU
		{878CB016-50B5-49F5-A4B0-B3947DFA5F75}.Ad-Hoc|iPhoneSimulator.Deploy.0 = Release|Any CPU
		{878CB016-50B5-49F5-A4B0-B3947DFA5F75}.Ad-Hoc|x64.ActiveCfg = Release|Any CPU
		{878CB016-50B5-49F5-A4B0-B3947DFA5F75}.Ad-Hoc|x64.Build.0 = Release|Any CPU
		{878CB016-50B5-49F5-A4B0-B3947DFA5F75}.Ad-Hoc|x64.Deploy.0 = Release|Any CPU
		{878CB016-50B5-49F5-A4B0-B3947DFA5F75}.Ad-Hoc|x86.ActiveCfg = Release|x86
		{878CB016-50B5-49F5-A4B0-B3947DFA5F75}.Ad-Hoc|x86.Build.0 = Release|x86
		{878CB016-50B5-49F5-A4B0-B3947DFA5F75}.Ad-Hoc|x86.Deploy.0 = Release|x86
		{878CB016-50B5-49F5-A4B0-B3947DFA5F75}.AppStore|Any CPU.ActiveCfg = Release|Any CPU
		{878CB016-50B5-49F5-A4B0-B3947DFA5F75}.AppStore|Any CPU.Build.0 = Release|Any CPU
		{878CB016-50B5-49F5-A4B0-B3947DFA5F75}.AppStore|Any CPU.Deploy.0 = Release|Any CPU
		{878CB016-50B5-49F5-A4B0-B3947DFA5F75}.AppStore|ARM.ActiveCfg = Release|ARM
		{878CB016-50B5-49F5-A4B0-B3947DFA5F75}.AppStore|ARM.Build.0 = Release|ARM
		{878CB016-50B5-49F5-A4B0-B3947DFA5F75}.AppStore|ARM.Deploy.0 = Release|ARM
		{878CB016-50B5-49F5-A4B0-B3947DFA5F75}.AppStore|iPhone.ActiveCfg = Release|Any CPU
		{878CB016-50B5-49F5-A4B0-B3947DFA5F75}.AppStore|iPhone.Build.0 = Release|Any CPU
		{878CB016-50B5-49F5-A4B0-B3947DFA5F75}.AppStore|iPhone.Deploy.0 = Release|Any CPU
		{878CB016-50B5-49F5-A4B0-B3947DFA5F75}.AppStore|iPhoneSimulator.ActiveCfg = Release|Any CPU
		{878CB016-50B5-49F5-A4B0-B3947DFA5F75}.AppStore|iPhoneSimulator.Build.0 = Release|Any CPU
		{878CB016-50B5-49F5-A4B0-B3947DFA5F75}.AppStore|iPhoneSimulator.Deploy.0 = Release|Any CPU
		{878CB016-50B5-49F5-A4B0-B3947DFA5F75}.AppStore|x64.ActiveCfg = Release|Any CPU
		{878CB016-50B5-49F5-A4B0-B3947DFA5F75}.AppStore|x64.Build.0 = Release|Any CPU
		{878CB016-50B5-49F5-A4B0-B3947DFA5F75}.AppStore|x64.Deploy.0 = Release|Any CPU
		{878CB016-50B5-49F5-A4B0-B3947DFA5F75}.AppStore|x86.ActiveCfg = Release|x86
		{878CB016-50B5-49F5-A4B0-B3947DFA5F75}.AppStore|x86.Build.0 = Release|x86
		{878CB016-50B5-49F5-A4B0-B3947DFA5F75}.AppStore|x86.Deploy.0 = Release|x86
		{878CB016-50B5-49F5-A4B0-B3947DFA5F75}.Debug|Any CPU.ActiveCfg = Debug|Any CPU
		{878CB016-50B5-49F5-A4B0-B3947DFA5F75}.Debug|ARM.ActiveCfg = Debug|ARM
		{878CB016-50B5-49F5-A4B0-B3947DFA5F75}.Debug|ARM.Build.0 = Debug|ARM
		{878CB016-50B5-49F5-A4B0-B3947DFA5F75}.Debug|ARM.Deploy.0 = Debug|ARM
		{878CB016-50B5-49F5-A4B0-B3947DFA5F75}.Debug|iPhone.ActiveCfg = Debug|Any CPU
		{878CB016-50B5-49F5-A4B0-B3947DFA5F75}.Debug|iPhone.Build.0 = Debug|Any CPU
		{878CB016-50B5-49F5-A4B0-B3947DFA5F75}.Debug|iPhone.Deploy.0 = Debug|Any CPU
		{878CB016-50B5-49F5-A4B0-B3947DFA5F75}.Debug|iPhoneSimulator.ActiveCfg = Debug|Any CPU
		{878CB016-50B5-49F5-A4B0-B3947DFA5F75}.Debug|iPhoneSimulator.Build.0 = Debug|Any CPU
		{878CB016-50B5-49F5-A4B0-B3947DFA5F75}.Debug|iPhoneSimulator.Deploy.0 = Debug|Any CPU
		{878CB016-50B5-49F5-A4B0-B3947DFA5F75}.Debug|x64.ActiveCfg = Debug|Any CPU
		{878CB016-50B5-49F5-A4B0-B3947DFA5F75}.Debug|x64.Build.0 = Debug|Any CPU
		{878CB016-50B5-49F5-A4B0-B3947DFA5F75}.Debug|x64.Deploy.0 = Debug|Any CPU
		{878CB016-50B5-49F5-A4B0-B3947DFA5F75}.Debug|x86.ActiveCfg = Debug|x86
		{878CB016-50B5-49F5-A4B0-B3947DFA5F75}.Debug|x86.Build.0 = Debug|x86
		{878CB016-50B5-49F5-A4B0-B3947DFA5F75}.Debug|x86.Deploy.0 = Debug|x86
		{878CB016-50B5-49F5-A4B0-B3947DFA5F75}.Release|Any CPU.ActiveCfg = Release|Any CPU
		{878CB016-50B5-49F5-A4B0-B3947DFA5F75}.Release|Any CPU.Build.0 = Release|Any CPU
		{878CB016-50B5-49F5-A4B0-B3947DFA5F75}.Release|Any CPU.Deploy.0 = Release|Any CPU
		{878CB016-50B5-49F5-A4B0-B3947DFA5F75}.Release|ARM.ActiveCfg = Release|ARM
		{878CB016-50B5-49F5-A4B0-B3947DFA5F75}.Release|ARM.Build.0 = Release|ARM
		{878CB016-50B5-49F5-A4B0-B3947DFA5F75}.Release|ARM.Deploy.0 = Release|ARM
		{878CB016-50B5-49F5-A4B0-B3947DFA5F75}.Release|iPhone.ActiveCfg = Release|Any CPU
		{878CB016-50B5-49F5-A4B0-B3947DFA5F75}.Release|iPhone.Build.0 = Release|Any CPU
		{878CB016-50B5-49F5-A4B0-B3947DFA5F75}.Release|iPhone.Deploy.0 = Release|Any CPU
		{878CB016-50B5-49F5-A4B0-B3947DFA5F75}.Release|iPhoneSimulator.ActiveCfg = Release|Any CPU
		{878CB016-50B5-49F5-A4B0-B3947DFA5F75}.Release|iPhoneSimulator.Build.0 = Release|Any CPU
		{878CB016-50B5-49F5-A4B0-B3947DFA5F75}.Release|iPhoneSimulator.Deploy.0 = Release|Any CPU
		{878CB016-50B5-49F5-A4B0-B3947DFA5F75}.Release|x64.ActiveCfg = Release|Any CPU
		{878CB016-50B5-49F5-A4B0-B3947DFA5F75}.Release|x64.Build.0 = Release|Any CPU
		{878CB016-50B5-49F5-A4B0-B3947DFA5F75}.Release|x64.Deploy.0 = Release|Any CPU
		{878CB016-50B5-49F5-A4B0-B3947DFA5F75}.Release|x86.ActiveCfg = Release|x86
		{878CB016-50B5-49F5-A4B0-B3947DFA5F75}.Release|x86.Build.0 = Release|x86
		{878CB016-50B5-49F5-A4B0-B3947DFA5F75}.Release|x86.Deploy.0 = Release|x86
		{D8AEB066-810F-4B60-987A-B1595E84CC98}.Ad-Hoc|Any CPU.ActiveCfg = Release|x86
		{D8AEB066-810F-4B60-987A-B1595E84CC98}.Ad-Hoc|Any CPU.Build.0 = Release|x86
		{D8AEB066-810F-4B60-987A-B1595E84CC98}.Ad-Hoc|Any CPU.Deploy.0 = Release|x86
		{D8AEB066-810F-4B60-987A-B1595E84CC98}.Ad-Hoc|ARM.ActiveCfg = Release|ARM
		{D8AEB066-810F-4B60-987A-B1595E84CC98}.Ad-Hoc|ARM.Build.0 = Release|ARM
		{D8AEB066-810F-4B60-987A-B1595E84CC98}.Ad-Hoc|ARM.Deploy.0 = Release|ARM
		{D8AEB066-810F-4B60-987A-B1595E84CC98}.Ad-Hoc|iPhone.ActiveCfg = Release|x86
		{D8AEB066-810F-4B60-987A-B1595E84CC98}.Ad-Hoc|iPhone.Build.0 = Release|x86
		{D8AEB066-810F-4B60-987A-B1595E84CC98}.Ad-Hoc|iPhone.Deploy.0 = Release|x86
		{D8AEB066-810F-4B60-987A-B1595E84CC98}.Ad-Hoc|iPhoneSimulator.ActiveCfg = Release|x86
		{D8AEB066-810F-4B60-987A-B1595E84CC98}.Ad-Hoc|iPhoneSimulator.Build.0 = Release|x86
		{D8AEB066-810F-4B60-987A-B1595E84CC98}.Ad-Hoc|iPhoneSimulator.Deploy.0 = Release|x86
		{D8AEB066-810F-4B60-987A-B1595E84CC98}.Ad-Hoc|x64.ActiveCfg = Release|x64
		{D8AEB066-810F-4B60-987A-B1595E84CC98}.Ad-Hoc|x64.Build.0 = Release|x64
		{D8AEB066-810F-4B60-987A-B1595E84CC98}.Ad-Hoc|x64.Deploy.0 = Release|x64
		{D8AEB066-810F-4B60-987A-B1595E84CC98}.Ad-Hoc|x86.ActiveCfg = Release|x86
		{D8AEB066-810F-4B60-987A-B1595E84CC98}.Ad-Hoc|x86.Build.0 = Release|x86
		{D8AEB066-810F-4B60-987A-B1595E84CC98}.Ad-Hoc|x86.Deploy.0 = Release|x86
		{D8AEB066-810F-4B60-987A-B1595E84CC98}.AppStore|Any CPU.ActiveCfg = Release|x86
		{D8AEB066-810F-4B60-987A-B1595E84CC98}.AppStore|Any CPU.Build.0 = Release|x86
		{D8AEB066-810F-4B60-987A-B1595E84CC98}.AppStore|Any CPU.Deploy.0 = Release|x86
		{D8AEB066-810F-4B60-987A-B1595E84CC98}.AppStore|ARM.ActiveCfg = Release|ARM
		{D8AEB066-810F-4B60-987A-B1595E84CC98}.AppStore|ARM.Build.0 = Release|ARM
		{D8AEB066-810F-4B60-987A-B1595E84CC98}.AppStore|ARM.Deploy.0 = Release|ARM
		{D8AEB066-810F-4B60-987A-B1595E84CC98}.AppStore|iPhone.ActiveCfg = Release|x86
		{D8AEB066-810F-4B60-987A-B1595E84CC98}.AppStore|iPhone.Build.0 = Release|x86
		{D8AEB066-810F-4B60-987A-B1595E84CC98}.AppStore|iPhone.Deploy.0 = Release|x86
		{D8AEB066-810F-4B60-987A-B1595E84CC98}.AppStore|iPhoneSimulator.ActiveCfg = Release|x86
		{D8AEB066-810F-4B60-987A-B1595E84CC98}.AppStore|iPhoneSimulator.Build.0 = Release|x86
		{D8AEB066-810F-4B60-987A-B1595E84CC98}.AppStore|iPhoneSimulator.Deploy.0 = Release|x86
		{D8AEB066-810F-4B60-987A-B1595E84CC98}.AppStore|x64.ActiveCfg = Release|x64
		{D8AEB066-810F-4B60-987A-B1595E84CC98}.AppStore|x64.Build.0 = Release|x64
		{D8AEB066-810F-4B60-987A-B1595E84CC98}.AppStore|x64.Deploy.0 = Release|x64
		{D8AEB066-810F-4B60-987A-B1595E84CC98}.AppStore|x86.ActiveCfg = Release|x86
		{D8AEB066-810F-4B60-987A-B1595E84CC98}.AppStore|x86.Build.0 = Release|x86
		{D8AEB066-810F-4B60-987A-B1595E84CC98}.AppStore|x86.Deploy.0 = Release|x86
		{D8AEB066-810F-4B60-987A-B1595E84CC98}.Debug|Any CPU.ActiveCfg = Debug|x86
		{D8AEB066-810F-4B60-987A-B1595E84CC98}.Debug|Any CPU.Build.0 = Debug|x86
		{D8AEB066-810F-4B60-987A-B1595E84CC98}.Debug|Any CPU.Deploy.0 = Debug|x86
		{D8AEB066-810F-4B60-987A-B1595E84CC98}.Debug|ARM.ActiveCfg = Debug|ARM
		{D8AEB066-810F-4B60-987A-B1595E84CC98}.Debug|ARM.Build.0 = Debug|ARM
		{D8AEB066-810F-4B60-987A-B1595E84CC98}.Debug|ARM.Deploy.0 = Debug|ARM
		{D8AEB066-810F-4B60-987A-B1595E84CC98}.Debug|iPhone.ActiveCfg = Debug|x86
		{D8AEB066-810F-4B60-987A-B1595E84CC98}.Debug|iPhoneSimulator.ActiveCfg = Debug|x86
		{D8AEB066-810F-4B60-987A-B1595E84CC98}.Debug|x64.ActiveCfg = Debug|x64
		{D8AEB066-810F-4B60-987A-B1595E84CC98}.Debug|x64.Build.0 = Debug|x64
		{D8AEB066-810F-4B60-987A-B1595E84CC98}.Debug|x64.Deploy.0 = Debug|x64
		{D8AEB066-810F-4B60-987A-B1595E84CC98}.Debug|x86.ActiveCfg = Debug|x86
		{D8AEB066-810F-4B60-987A-B1595E84CC98}.Debug|x86.Build.0 = Debug|x86
		{D8AEB066-810F-4B60-987A-B1595E84CC98}.Debug|x86.Deploy.0 = Debug|x86
		{D8AEB066-810F-4B60-987A-B1595E84CC98}.Release|Any CPU.ActiveCfg = Release|x86
		{D8AEB066-810F-4B60-987A-B1595E84CC98}.Release|ARM.ActiveCfg = Release|ARM
		{D8AEB066-810F-4B60-987A-B1595E84CC98}.Release|ARM.Build.0 = Release|ARM
		{D8AEB066-810F-4B60-987A-B1595E84CC98}.Release|ARM.Deploy.0 = Release|ARM
		{D8AEB066-810F-4B60-987A-B1595E84CC98}.Release|iPhone.ActiveCfg = Release|x86
		{D8AEB066-810F-4B60-987A-B1595E84CC98}.Release|iPhoneSimulator.ActiveCfg = Release|x86
		{D8AEB066-810F-4B60-987A-B1595E84CC98}.Release|x64.ActiveCfg = Release|x64
		{D8AEB066-810F-4B60-987A-B1595E84CC98}.Release|x64.Build.0 = Release|x64
		{D8AEB066-810F-4B60-987A-B1595E84CC98}.Release|x64.Deploy.0 = Release|x64
		{D8AEB066-810F-4B60-987A-B1595E84CC98}.Release|x86.ActiveCfg = Release|x86
		{D8AEB066-810F-4B60-987A-B1595E84CC98}.Release|x86.Build.0 = Release|x86
		{D8AEB066-810F-4B60-987A-B1595E84CC98}.Release|x86.Deploy.0 = Release|x86
		{C180B97E-9F26-407B-970F-D2EFB8CE0DBF}.Ad-Hoc|Any CPU.ActiveCfg = Release|Any CPU
		{C180B97E-9F26-407B-970F-D2EFB8CE0DBF}.Ad-Hoc|Any CPU.Build.0 = Release|Any CPU
		{C180B97E-9F26-407B-970F-D2EFB8CE0DBF}.Ad-Hoc|Any CPU.Deploy.0 = Release|Any CPU
		{C180B97E-9F26-407B-970F-D2EFB8CE0DBF}.Ad-Hoc|ARM.ActiveCfg = Release|ARM
		{C180B97E-9F26-407B-970F-D2EFB8CE0DBF}.Ad-Hoc|ARM.Build.0 = Release|ARM
		{C180B97E-9F26-407B-970F-D2EFB8CE0DBF}.Ad-Hoc|ARM.Deploy.0 = Release|ARM
		{C180B97E-9F26-407B-970F-D2EFB8CE0DBF}.Ad-Hoc|iPhone.ActiveCfg = Release|Any CPU
		{C180B97E-9F26-407B-970F-D2EFB8CE0DBF}.Ad-Hoc|iPhone.Build.0 = Release|Any CPU
		{C180B97E-9F26-407B-970F-D2EFB8CE0DBF}.Ad-Hoc|iPhone.Deploy.0 = Release|Any CPU
		{C180B97E-9F26-407B-970F-D2EFB8CE0DBF}.Ad-Hoc|iPhoneSimulator.ActiveCfg = Release|Any CPU
		{C180B97E-9F26-407B-970F-D2EFB8CE0DBF}.Ad-Hoc|iPhoneSimulator.Build.0 = Release|Any CPU
		{C180B97E-9F26-407B-970F-D2EFB8CE0DBF}.Ad-Hoc|iPhoneSimulator.Deploy.0 = Release|Any CPU
		{C180B97E-9F26-407B-970F-D2EFB8CE0DBF}.Ad-Hoc|x64.ActiveCfg = Release|x64
		{C180B97E-9F26-407B-970F-D2EFB8CE0DBF}.Ad-Hoc|x64.Build.0 = Release|x64
		{C180B97E-9F26-407B-970F-D2EFB8CE0DBF}.Ad-Hoc|x64.Deploy.0 = Release|x64
		{C180B97E-9F26-407B-970F-D2EFB8CE0DBF}.Ad-Hoc|x86.ActiveCfg = Release|x86
		{C180B97E-9F26-407B-970F-D2EFB8CE0DBF}.Ad-Hoc|x86.Build.0 = Release|x86
		{C180B97E-9F26-407B-970F-D2EFB8CE0DBF}.Ad-Hoc|x86.Deploy.0 = Release|x86
		{C180B97E-9F26-407B-970F-D2EFB8CE0DBF}.AppStore|Any CPU.ActiveCfg = Release|Any CPU
		{C180B97E-9F26-407B-970F-D2EFB8CE0DBF}.AppStore|Any CPU.Build.0 = Release|Any CPU
		{C180B97E-9F26-407B-970F-D2EFB8CE0DBF}.AppStore|Any CPU.Deploy.0 = Release|Any CPU
		{C180B97E-9F26-407B-970F-D2EFB8CE0DBF}.AppStore|ARM.ActiveCfg = Release|ARM
		{C180B97E-9F26-407B-970F-D2EFB8CE0DBF}.AppStore|ARM.Build.0 = Release|ARM
		{C180B97E-9F26-407B-970F-D2EFB8CE0DBF}.AppStore|ARM.Deploy.0 = Release|ARM
		{C180B97E-9F26-407B-970F-D2EFB8CE0DBF}.AppStore|iPhone.ActiveCfg = Release|Any CPU
		{C180B97E-9F26-407B-970F-D2EFB8CE0DBF}.AppStore|iPhone.Build.0 = Release|Any CPU
		{C180B97E-9F26-407B-970F-D2EFB8CE0DBF}.AppStore|iPhone.Deploy.0 = Release|Any CPU
		{C180B97E-9F26-407B-970F-D2EFB8CE0DBF}.AppStore|iPhoneSimulator.ActiveCfg = Release|Any CPU
		{C180B97E-9F26-407B-970F-D2EFB8CE0DBF}.AppStore|iPhoneSimulator.Build.0 = Release|Any CPU
		{C180B97E-9F26-407B-970F-D2EFB8CE0DBF}.AppStore|iPhoneSimulator.Deploy.0 = Release|Any CPU
		{C180B97E-9F26-407B-970F-D2EFB8CE0DBF}.AppStore|x64.ActiveCfg = Release|x64
		{C180B97E-9F26-407B-970F-D2EFB8CE0DBF}.AppStore|x64.Build.0 = Release|x64
		{C180B97E-9F26-407B-970F-D2EFB8CE0DBF}.AppStore|x64.Deploy.0 = Release|x64
		{C180B97E-9F26-407B-970F-D2EFB8CE0DBF}.AppStore|x86.ActiveCfg = Release|x86
		{C180B97E-9F26-407B-970F-D2EFB8CE0DBF}.AppStore|x86.Build.0 = Release|x86
		{C180B97E-9F26-407B-970F-D2EFB8CE0DBF}.AppStore|x86.Deploy.0 = Release|x86
		{C180B97E-9F26-407B-970F-D2EFB8CE0DBF}.Debug|Any CPU.ActiveCfg = Debug|Any CPU
		{C180B97E-9F26-407B-970F-D2EFB8CE0DBF}.Debug|ARM.ActiveCfg = Debug|ARM
		{C180B97E-9F26-407B-970F-D2EFB8CE0DBF}.Debug|ARM.Build.0 = Debug|ARM
		{C180B97E-9F26-407B-970F-D2EFB8CE0DBF}.Debug|ARM.Deploy.0 = Debug|ARM
		{C180B97E-9F26-407B-970F-D2EFB8CE0DBF}.Debug|iPhone.ActiveCfg = Debug|Any CPU
		{C180B97E-9F26-407B-970F-D2EFB8CE0DBF}.Debug|iPhone.Build.0 = Debug|Any CPU
		{C180B97E-9F26-407B-970F-D2EFB8CE0DBF}.Debug|iPhone.Deploy.0 = Debug|Any CPU
		{C180B97E-9F26-407B-970F-D2EFB8CE0DBF}.Debug|iPhoneSimulator.ActiveCfg = Debug|Any CPU
		{C180B97E-9F26-407B-970F-D2EFB8CE0DBF}.Debug|iPhoneSimulator.Build.0 = Debug|Any CPU
		{C180B97E-9F26-407B-970F-D2EFB8CE0DBF}.Debug|iPhoneSimulator.Deploy.0 = Debug|Any CPU
		{C180B97E-9F26-407B-970F-D2EFB8CE0DBF}.Debug|x64.ActiveCfg = Debug|x64
		{C180B97E-9F26-407B-970F-D2EFB8CE0DBF}.Debug|x64.Build.0 = Debug|x64
		{C180B97E-9F26-407B-970F-D2EFB8CE0DBF}.Debug|x64.Deploy.0 = Debug|x64
		{C180B97E-9F26-407B-970F-D2EFB8CE0DBF}.Debug|x86.ActiveCfg = Debug|x86
		{C180B97E-9F26-407B-970F-D2EFB8CE0DBF}.Debug|x86.Build.0 = Debug|x86
		{C180B97E-9F26-407B-970F-D2EFB8CE0DBF}.Debug|x86.Deploy.0 = Debug|x86
		{C180B97E-9F26-407B-970F-D2EFB8CE0DBF}.Release|Any CPU.ActiveCfg = Release|Any CPU
		{C180B97E-9F26-407B-970F-D2EFB8CE0DBF}.Release|Any CPU.Build.0 = Release|Any CPU
		{C180B97E-9F26-407B-970F-D2EFB8CE0DBF}.Release|Any CPU.Deploy.0 = Release|Any CPU
		{C180B97E-9F26-407B-970F-D2EFB8CE0DBF}.Release|ARM.ActiveCfg = Release|ARM
		{C180B97E-9F26-407B-970F-D2EFB8CE0DBF}.Release|ARM.Build.0 = Release|ARM
		{C180B97E-9F26-407B-970F-D2EFB8CE0DBF}.Release|ARM.Deploy.0 = Release|ARM
		{C180B97E-9F26-407B-970F-D2EFB8CE0DBF}.Release|iPhone.ActiveCfg = Release|Any CPU
		{C180B97E-9F26-407B-970F-D2EFB8CE0DBF}.Release|iPhone.Build.0 = Release|Any CPU
		{C180B97E-9F26-407B-970F-D2EFB8CE0DBF}.Release|iPhone.Deploy.0 = Release|Any CPU
		{C180B97E-9F26-407B-970F-D2EFB8CE0DBF}.Release|iPhoneSimulator.ActiveCfg = Release|Any CPU
		{C180B97E-9F26-407B-970F-D2EFB8CE0DBF}.Release|iPhoneSimulator.Build.0 = Release|Any CPU
		{C180B97E-9F26-407B-970F-D2EFB8CE0DBF}.Release|iPhoneSimulator.Deploy.0 = Release|Any CPU
		{C180B97E-9F26-407B-970F-D2EFB8CE0DBF}.Release|x64.ActiveCfg = Release|x64
		{C180B97E-9F26-407B-970F-D2EFB8CE0DBF}.Release|x64.Build.0 = Release|x64
		{C180B97E-9F26-407B-970F-D2EFB8CE0DBF}.Release|x64.Deploy.0 = Release|x64
		{C180B97E-9F26-407B-970F-D2EFB8CE0DBF}.Release|x86.ActiveCfg = Release|x86
		{C180B97E-9F26-407B-970F-D2EFB8CE0DBF}.Release|x86.Build.0 = Release|x86
		{C180B97E-9F26-407B-970F-D2EFB8CE0DBF}.Release|x86.Deploy.0 = Release|x86
		{3E71E9E7-A9A2-40B7-AB6D-9426844B7AC5}.Ad-Hoc|Any CPU.ActiveCfg = Release|Any CPU
		{3E71E9E7-A9A2-40B7-AB6D-9426844B7AC5}.Ad-Hoc|Any CPU.Build.0 = Release|Any CPU
		{3E71E9E7-A9A2-40B7-AB6D-9426844B7AC5}.Ad-Hoc|ARM.ActiveCfg = Release|Any CPU
		{3E71E9E7-A9A2-40B7-AB6D-9426844B7AC5}.Ad-Hoc|ARM.Build.0 = Release|Any CPU
		{3E71E9E7-A9A2-40B7-AB6D-9426844B7AC5}.Ad-Hoc|iPhone.ActiveCfg = Release|Any CPU
		{3E71E9E7-A9A2-40B7-AB6D-9426844B7AC5}.Ad-Hoc|iPhone.Build.0 = Release|Any CPU
		{3E71E9E7-A9A2-40B7-AB6D-9426844B7AC5}.Ad-Hoc|iPhoneSimulator.ActiveCfg = Release|Any CPU
		{3E71E9E7-A9A2-40B7-AB6D-9426844B7AC5}.Ad-Hoc|iPhoneSimulator.Build.0 = Release|Any CPU
		{3E71E9E7-A9A2-40B7-AB6D-9426844B7AC5}.Ad-Hoc|x64.ActiveCfg = Release|Any CPU
		{3E71E9E7-A9A2-40B7-AB6D-9426844B7AC5}.Ad-Hoc|x64.Build.0 = Release|Any CPU
		{3E71E9E7-A9A2-40B7-AB6D-9426844B7AC5}.Ad-Hoc|x86.ActiveCfg = Release|Any CPU
		{3E71E9E7-A9A2-40B7-AB6D-9426844B7AC5}.Ad-Hoc|x86.Build.0 = Release|Any CPU
		{3E71E9E7-A9A2-40B7-AB6D-9426844B7AC5}.AppStore|Any CPU.ActiveCfg = Release|Any CPU
		{3E71E9E7-A9A2-40B7-AB6D-9426844B7AC5}.AppStore|Any CPU.Build.0 = Release|Any CPU
		{3E71E9E7-A9A2-40B7-AB6D-9426844B7AC5}.AppStore|ARM.ActiveCfg = Release|Any CPU
		{3E71E9E7-A9A2-40B7-AB6D-9426844B7AC5}.AppStore|ARM.Build.0 = Release|Any CPU
		{3E71E9E7-A9A2-40B7-AB6D-9426844B7AC5}.AppStore|iPhone.ActiveCfg = Release|Any CPU
		{3E71E9E7-A9A2-40B7-AB6D-9426844B7AC5}.AppStore|iPhone.Build.0 = Release|Any CPU
		{3E71E9E7-A9A2-40B7-AB6D-9426844B7AC5}.AppStore|iPhoneSimulator.ActiveCfg = Release|Any CPU
		{3E71E9E7-A9A2-40B7-AB6D-9426844B7AC5}.AppStore|iPhoneSimulator.Build.0 = Release|Any CPU
		{3E71E9E7-A9A2-40B7-AB6D-9426844B7AC5}.AppStore|x64.ActiveCfg = Release|Any CPU
		{3E71E9E7-A9A2-40B7-AB6D-9426844B7AC5}.AppStore|x64.Build.0 = Release|Any CPU
		{3E71E9E7-A9A2-40B7-AB6D-9426844B7AC5}.AppStore|x86.ActiveCfg = Release|Any CPU
		{3E71E9E7-A9A2-40B7-AB6D-9426844B7AC5}.AppStore|x86.Build.0 = Release|Any CPU
		{3E71E9E7-A9A2-40B7-AB6D-9426844B7AC5}.Debug|Any CPU.ActiveCfg = Debug|Any CPU
		{3E71E9E7-A9A2-40B7-AB6D-9426844B7AC5}.Debug|Any CPU.Build.0 = Debug|Any CPU
		{3E71E9E7-A9A2-40B7-AB6D-9426844B7AC5}.Debug|ARM.ActiveCfg = Debug|Any CPU
		{3E71E9E7-A9A2-40B7-AB6D-9426844B7AC5}.Debug|ARM.Build.0 = Debug|Any CPU
		{3E71E9E7-A9A2-40B7-AB6D-9426844B7AC5}.Debug|iPhone.ActiveCfg = Debug|Any CPU
		{3E71E9E7-A9A2-40B7-AB6D-9426844B7AC5}.Debug|iPhone.Build.0 = Debug|Any CPU
		{3E71E9E7-A9A2-40B7-AB6D-9426844B7AC5}.Debug|iPhoneSimulator.ActiveCfg = Debug|Any CPU
		{3E71E9E7-A9A2-40B7-AB6D-9426844B7AC5}.Debug|iPhoneSimulator.Build.0 = Debug|Any CPU
		{3E71E9E7-A9A2-40B7-AB6D-9426844B7AC5}.Debug|x64.ActiveCfg = Debug|Any CPU
		{3E71E9E7-A9A2-40B7-AB6D-9426844B7AC5}.Debug|x64.Build.0 = Debug|Any CPU
		{3E71E9E7-A9A2-40B7-AB6D-9426844B7AC5}.Debug|x86.ActiveCfg = Debug|Any CPU
		{3E71E9E7-A9A2-40B7-AB6D-9426844B7AC5}.Debug|x86.Build.0 = Debug|Any CPU
		{3E71E9E7-A9A2-40B7-AB6D-9426844B7AC5}.Release|Any CPU.ActiveCfg = Release|Any CPU
		{3E71E9E7-A9A2-40B7-AB6D-9426844B7AC5}.Release|Any CPU.Build.0 = Release|Any CPU
		{3E71E9E7-A9A2-40B7-AB6D-9426844B7AC5}.Release|ARM.ActiveCfg = Release|Any CPU
		{3E71E9E7-A9A2-40B7-AB6D-9426844B7AC5}.Release|ARM.Build.0 = Release|Any CPU
		{3E71E9E7-A9A2-40B7-AB6D-9426844B7AC5}.Release|iPhone.ActiveCfg = Release|Any CPU
		{3E71E9E7-A9A2-40B7-AB6D-9426844B7AC5}.Release|iPhone.Build.0 = Release|Any CPU
		{3E71E9E7-A9A2-40B7-AB6D-9426844B7AC5}.Release|iPhoneSimulator.ActiveCfg = Release|Any CPU
		{3E71E9E7-A9A2-40B7-AB6D-9426844B7AC5}.Release|iPhoneSimulator.Build.0 = Release|Any CPU
		{3E71E9E7-A9A2-40B7-AB6D-9426844B7AC5}.Release|x64.ActiveCfg = Release|Any CPU
		{3E71E9E7-A9A2-40B7-AB6D-9426844B7AC5}.Release|x64.Build.0 = Release|Any CPU
		{3E71E9E7-A9A2-40B7-AB6D-9426844B7AC5}.Release|x86.ActiveCfg = Release|Any CPU
		{3E71E9E7-A9A2-40B7-AB6D-9426844B7AC5}.Release|x86.Build.0 = Release|Any CPU
	EndGlobalSection
	GlobalSection(SolutionProperties) = preSolution
		HideSolutionNode = FALSE
	EndGlobalSection
EndGlobal
